// !$*UTF8*$!
{
	archiveVersion = 1;
	classes = {
	};
	objectVersion = 48;
	objects = {

/* Begin PBXBuildFile section */
		D3244D671FEF715100A808EC /* AppDelegate.swift in Sources */ = {isa = PBXBuildFile; fileRef = D3244D661FEF715100A808EC /* AppDelegate.swift */; };
		D3244D691FEF715100A808EC /* ViewController.swift in Sources */ = {isa = PBXBuildFile; fileRef = D3244D681FEF715100A808EC /* ViewController.swift */; };
		D3244D6C1FEF715100A808EC /* Main.storyboard in Resources */ = {isa = PBXBuildFile; fileRef = D3244D6A1FEF715100A808EC /* Main.storyboard */; };
		D3244D6E1FEF715100A808EC /* Assets.xcassets in Resources */ = {isa = PBXBuildFile; fileRef = D3244D6D1FEF715100A808EC /* Assets.xcassets */; };
		D3244D711FEF715100A808EC /* LaunchScreen.storyboard in Resources */ = {isa = PBXBuildFile; fileRef = D3244D6F1FEF715100A808EC /* LaunchScreen.storyboard */; };
		D3244D7C1FEF715100A808EC /* diceTests.swift in Sources */ = {isa = PBXBuildFile; fileRef = D3244D7B1FEF715100A808EC /* diceTests.swift */; };
/* End PBXBuildFile section */

/* Begin PBXContainerItemProxy section */
		D3244D781FEF715100A808EC /* PBXContainerItemProxy */ = {
			isa = PBXContainerItemProxy;
			containerPortal = D3244D5B1FEF715100A808EC /* Project object */;
			proxyType = 1;
			remoteGlobalIDString = D3244D621FEF715100A808EC;
			remoteInfo = dice;
		};
/* End PBXContainerItemProxy section */

/* Begin PBXFileReference section */
		D3244D631FEF715100A808EC /* dice.app */ = {isa = PBXFileReference; explicitFileType = wrapper.application; includeInIndex = 0; path = dice.app; sourceTree = BUILT_PRODUCTS_DIR; };
		D3244D661FEF715100A808EC /* AppDelegate.swift */ = {isa = PBXFileReference; lastKnownFileType = sourcecode.swift; path = AppDelegate.swift; sourceTree = "<group>"; };
		D3244D681FEF715100A808EC /* ViewController.swift */ = {isa = PBXFileReference; lastKnownFileType = sourcecode.swift; path = ViewController.swift; sourceTree = "<group>"; };
		D3244D6B1FEF715100A808EC /* Base */ = {isa = PBXFileReference; lastKnownFileType = file.storyboard; name = Base; path = Base.lproj/Main.storyboard; sourceTree = "<group>"; };
		D3244D6D1FEF715100A808EC /* Assets.xcassets */ = {isa = PBXFileReference; lastKnownFileType = folder.assetcatalog; path = Assets.xcassets; sourceTree = "<group>"; };
		D3244D701FEF715100A808EC /* Base */ = {isa = PBXFileReference; lastKnownFileType = file.storyboard; name = Base; path = Base.lproj/LaunchScreen.storyboard; sourceTree = "<group>"; };
		D3244D721FEF715100A808EC /* Info.plist */ = {isa = PBXFileReference; lastKnownFileType = text.plist.xml; path = Info.plist; sourceTree = "<group>"; };
		D3244D771FEF715100A808EC /* diceTests.xctest */ = {isa = PBXFileReference; explicitFileType = wrapper.cfbundle; includeInIndex = 0; path = diceTests.xctest; sourceTree = BUILT_PRODUCTS_DIR; };
		D3244D7B1FEF715100A808EC /* diceTests.swift */ = {isa = PBXFileReference; lastKnownFileType = sourcecode.swift; path = diceTests.swift; sourceTree = "<group>"; };
		D3244D7D1FEF715100A808EC /* Info.plist */ = {isa = PBXFileReference; lastKnownFileType = text.plist.xml; path = Info.plist; sourceTree = "<group>"; };
/* End PBXFileReference section */

/* Begin PBXFrameworksBuildPhase section */
		D3244D601FEF715100A808EC /* Frameworks */ = {
			isa = PBXFrameworksBuildPhase;
			buildActionMask = 2147483647;
			files = (
			);
			runOnlyForDeploymentPostprocessing = 0;
		};
		D3244D741FEF715100A808EC /* Frameworks */ = {
			isa = PBXFrameworksBuildPhase;
			buildActionMask = 2147483647;
			files = (
			);
			runOnlyForDeploymentPostprocessing = 0;
		};
/* End PBXFrameworksBuildPhase section */

/* Begin PBXGroup section */
		D3244D5A1FEF715100A808EC = {
			isa = PBXGroup;
			children = (
				D3244D651FEF715100A808EC /* dice */,
				D3244D7A1FEF715100A808EC /* diceTests */,
				D3244D641FEF715100A808EC /* Products */,
			);
			sourceTree = "<group>";
		};
		D3244D641FEF715100A808EC /* Products */ = {
			isa = PBXGroup;
			children = (
				D3244D631FEF715100A808EC /* dice.app */,
				D3244D771FEF715100A808EC /* diceTests.xctest */,
			);
			name = Products;
			sourceTree = "<group>";
		};
		D3244D651FEF715100A808EC /* dice */ = {
			isa = PBXGroup;
			children = (
				D3244D661FEF715100A808EC /* AppDelegate.swift */,
				D3244D681FEF715100A808EC /* ViewController.swift */,
				D3244D6A1FEF715100A808EC /* Main.storyboard */,
				D3244D6D1FEF715100A808EC /* Assets.xcassets */,
				D3244D6F1FEF715100A808EC /* LaunchScreen.storyboard */,
				D3244D721FEF715100A808EC /* Info.plist */,
			);
			path = dice;
			sourceTree = "<group>";
		};
		D3244D7A1FEF715100A808EC /* diceTests */ = {
			isa = PBXGroup;
			children = (
				D3244D7B1FEF715100A808EC /* diceTests.swift */,
				D3244D7D1FEF715100A808EC /* Info.plist */,
			);
			path = diceTests;
			sourceTree = "<group>";
		};
/* End PBXGroup section */

/* Begin PBXNativeTarget section */
		D3244D621FEF715100A808EC /* dice */ = {
			isa = PBXNativeTarget;
			buildConfigurationList = D3244D801FEF715100A808EC /* Build configuration list for PBXNativeTarget "dice" */;
			buildPhases = (
				D3244D5F1FEF715100A808EC /* Sources */,
				D3244D601FEF715100A808EC /* Frameworks */,
				D3244D611FEF715100A808EC /* Resources */,
			);
			buildRules = (
			);
			dependencies = (
			);
			name = dice;
			productName = dice;
			productReference = D3244D631FEF715100A808EC /* dice.app */;
			productType = "com.apple.product-type.application";
		};
		D3244D761FEF715100A808EC /* diceTests */ = {
			isa = PBXNativeTarget;
			buildConfigurationList = D3244D831FEF715100A808EC /* Build configuration list for PBXNativeTarget "diceTests" */;
			buildPhases = (
				D3244D731FEF715100A808EC /* Sources */,
				D3244D741FEF715100A808EC /* Frameworks */,
				D3244D751FEF715100A808EC /* Resources */,
			);
			buildRules = (
			);
			dependencies = (
				D3244D791FEF715100A808EC /* PBXTargetDependency */,
			);
			name = diceTests;
			productName = diceTests;
			productReference = D3244D771FEF715100A808EC /* diceTests.xctest */;
			productType = "com.apple.product-type.bundle.unit-test";
		};
/* End PBXNativeTarget section */

/* Begin PBXProject section */
		D3244D5B1FEF715100A808EC /* Project object */ = {
			isa = PBXProject;
			attributes = {
				LastSwiftUpdateCheck = 0920;
				LastUpgradeCheck = 0920;
				ORGANIZATIONNAME = "Yash Joshi";
				TargetAttributes = {
					D3244D621FEF715100A808EC = {
						CreatedOnToolsVersion = 9.2;
						ProvisioningStyle = Automatic;
					};
					D3244D761FEF715100A808EC = {
						CreatedOnToolsVersion = 9.2;
						ProvisioningStyle = Automatic;
						TestTargetID = D3244D621FEF715100A808EC;
					};
				};
			};
			buildConfigurationList = D3244D5E1FEF715100A808EC /* Build configuration list for PBXProject "dice" */;
			compatibilityVersion = "Xcode 8.0";
			developmentRegion = en;
			hasScannedForEncodings = 0;
			knownRegions = (
				en,
				Base,
			);
			mainGroup = D3244D5A1FEF715100A808EC;
			productRefGroup = D3244D641FEF715100A808EC /* Products */;
			projectDirPath = "";
			projectRoot = "";
			targets = (
				D3244D621FEF715100A808EC /* dice */,
				D3244D761FEF715100A808EC /* diceTests */,
			);
		};
/* End PBXProject section */

/* Begin PBXResourcesBuildPhase section */
		D3244D611FEF715100A808EC /* Resources */ = {
			isa = PBXResourcesBuildPhase;
			buildActionMask = 2147483647;
			files = (
				D3244D711FEF715100A808EC /* LaunchScreen.storyboard in Resources */,
				D3244D6E1FEF715100A808EC /* Assets.xcassets in Resources */,
				D3244D6C1FEF715100A808EC /* Main.storyboard in Resources */,
			);
			runOnlyForDeploymentPostprocessing = 0;
		};
		D3244D751FEF715100A808EC /* Resources */ = {
			isa = PBXResourcesBuildPhase;
			buildActionMask = 2147483647;
			files = (
			);
			runOnlyForDeploymentPostprocessing = 0;
		};
/* End PBXResourcesBuildPhase section */

/* Begin PBXSourcesBuildPhase section */
		D3244D5F1FEF715100A808EC /* Sources */ = {
			isa = PBXSourcesBuildPhase;
			buildActionMask = 2147483647;
			files = (
				D3244D691FEF715100A808EC /* ViewController.swift in Sources */,
				D3244D671FEF715100A808EC /* AppDelegate.swift in Sources */,
			);
			runOnlyForDeploymentPostprocessing = 0;
		};
		D3244D731FEF715100A808EC /* Sources */ = {
			isa = PBXSourcesBuildPhase;
			buildActionMask = 2147483647;
			files = (
				D3244D7C1FEF715100A808EC /* diceTests.swift in Sources */,
			);
			runOnlyForDeploymentPostprocessing = 0;
		};
/* End PBXSourcesBuildPhase section */

/* Begin PBXTargetDependency section */
		D3244D791FEF715100A808EC /* PBXTargetDependency */ = {
			isa = PBXTargetDependency;
			target = D3244D621FEF715100A808EC /* dice */;
			targetProxy = D3244D781FEF715100A808EC /* PBXContainerItemProxy */;
		};
/* End PBXTargetDependency section */

/* Begin PBXVariantGroup section */
		D3244D6A1FEF715100A808EC /* Main.storyboard */ = {
			isa = PBXVariantGroup;
			children = (
				D3244D6B1FEF715100A808EC /* Base */,
			);
			name = Main.storyboard;
			sourceTree = "<group>";
		};
		D3244D6F1FEF715100A808EC /* LaunchScreen.storyboard */ = {
			isa = PBXVariantGroup;
			children = (
				D3244D701FEF715100A808EC /* Base */,
			);
			name = LaunchScreen.storyboard;
			sourceTree = "<group>";
		};
/* End PBXVariantGroup section */

/* Begin XCBuildConfiguration section */
		D3244D7E1FEF715100A808EC /* Debug */ = {
			isa = XCBuildConfiguration;
			buildSettings = {
				ALWAYS_SEARCH_USER_PATHS = NO;
				CLANG_ANALYZER_NONNULL = YES;
				CLANG_ANALYZER_NUMBER_OBJECT_CONVERSION = YES_AGGRESSIVE;
				CLANG_CXX_LANGUAGE_STANDARD = "gnu++14";
				CLANG_CXX_LIBRARY = "libc++";
				CLANG_ENABLE_MODULES = YES;
				CLANG_ENABLE_OBJC_ARC = YES;
				CLANG_WARN_BLOCK_CAPTURE_AUTORELEASING = YES;
				CLANG_WARN_BOOL_CONVERSION = YES;
				CLANG_WARN_COMMA = YES;
				CLANG_WARN_CONSTANT_CONVERSION = YES;
				CLANG_WARN_DIRECT_OBJC_ISA_USAGE = YES_ERROR;
				CLANG_WARN_DOCUMENTATION_COMMENTS = YES;
				CLANG_WARN_EMPTY_BODY = YES;
				CLANG_WARN_ENUM_CONVERSION = YES;
				CLANG_WARN_INFINITE_RECURSION = YES;
				CLANG_WARN_INT_CONVERSION = YES;
				CLANG_WARN_NON_LITERAL_NULL_CONVERSION = YES;
				CLANG_WARN_OBJC_LITERAL_CONVERSION = YES;
				CLANG_WARN_OBJC_ROOT_CLASS = YES_ERROR;
				CLANG_WARN_RANGE_LOOP_ANALYSIS = YES;
				CLANG_WARN_STRICT_PROTOTYPES = YES;
				CLANG_WARN_SUSPICIOUS_MOVE = YES;
				CLANG_WARN_UNGUARDED_AVAILABILITY = YES_AGGRESSIVE;
				CLANG_WARN_UNREACHABLE_CODE = YES;
				CLANG_WARN__DUPLICATE_METHOD_MATCH = YES;
				CODE_SIGN_IDENTITY = "iPhone Developer";
				COPY_PHASE_STRIP = NO;
				DEBUG_INFORMATION_FORMAT = dwarf;
				ENABLE_STRICT_OBJC_MSGSEND = YES;
				ENABLE_TESTABILITY = YES;
				GCC_C_LANGUAGE_STANDARD = gnu11;
				GCC_DYNAMIC_NO_PIC = NO;
				GCC_NO_COMMON_BLOCKS = YES;
				GCC_OPTIMIZATION_LEVEL = 0;
				GCC_PREPROCESSOR_DEFINITIONS = (
					"DEBUG=1",
					"$(inherited)",
				);
				GCC_WARN_64_TO_32_BIT_CONVERSION = YES;
				GCC_WARN_ABOUT_RETURN_TYPE = YES_ERROR;
				GCC_WARN_UNDECLARED_SELECTOR = YES;
				GCC_WARN_UNINITIALIZED_AUTOS = YES_AGGRESSIVE;
				GCC_WARN_UNUSED_FUNCTION = YES;
				GCC_WARN_UNUSED_VARIABLE = YES;
				IPHONEOS_DEPLOYMENT_TARGET = 11.2;
				MTL_ENABLE_DEBUG_INFO = YES;
				ONLY_ACTIVE_ARCH = YES;
				SDKROOT = iphoneos;
				SWIFT_ACTIVE_COMPILATION_CONDITIONS = DEBUG;
				SWIFT_OPTIMIZATION_LEVEL = "-Onone";
			};
			name = Debug;
		};
		D3244D7F1FEF715100A808EC /* Release */ = {
			isa = XCBuildConfiguration;
			buildSettings = {
				ALWAYS_SEARCH_USER_PATHS = NO;
				CLANG_ANALYZER_NONNULL = YES;
				CLANG_ANALYZER_NUMBER_OBJECT_CONVERSION = YES_AGGRESSIVE;
				CLANG_CXX_LANGUAGE_STANDARD = "gnu++14";
				CLANG_CXX_LIBRARY = "libc++";
				CLANG_ENABLE_MODULES = YES;
				CLANG_ENABLE_OBJC_ARC = YES;
				CLANG_WARN_BLOCK_CAPTURE_AUTORELEASING = YES;
				CLANG_WARN_BOOL_CONVERSION = YES;
				CLANG_WARN_COMMA = YES;
				CLANG_WARN_CONSTANT_CONVERSION = YES;
				CLANG_WARN_DIRECT_OBJC_ISA_USAGE = YES_ERROR;
				CLANG_WARN_DOCUMENTATION_COMMENTS = YES;
				CLANG_WARN_EMPTY_BODY = YES;
				CLANG_WARN_ENUM_CONVERSION = YES;
				CLANG_WARN_INFINITE_RECURSION = YES;
				CLANG_WARN_INT_CONVERSION = YES;
				CLANG_WARN_NON_LITERAL_NULL_CONVERSION = YES;
				CLANG_WARN_OBJC_LITERAL_CONVERSION = YES;
				CLANG_WARN_OBJC_ROOT_CLASS = YES_ERROR;
				CLANG_WARN_RANGE_LOOP_ANALYSIS = YES;
				CLANG_WARN_STRICT_PROTOTYPES = YES;
				CLANG_WARN_SUSPICIOUS_MOVE = YES;
				CLANG_WARN_UNGUARDED_AVAILABILITY = YES_AGGRESSIVE;
				CLANG_WARN_UNREACHABLE_CODE = YES;
				CLANG_WARN__DUPLICATE_METHOD_MATCH = YES;
				CODE_SIGN_IDENTITY = "iPhone Developer";
				COPY_PHASE_STRIP = NO;
				DEBUG_INFORMATION_FORMAT = "dwarf-with-dsym";
				ENABLE_NS_ASSERTIONS = NO;
				ENABLE_STRICT_OBJC_MSGSEND = YES;
				GCC_C_LANGUAGE_STANDARD = gnu11;
				GCC_NO_COMMON_BLOCKS = YES;
				GCC_WARN_64_TO_32_BIT_CONVERSION = YES;
				GCC_WARN_ABOUT_RETURN_TYPE = YES_ERROR;
				GCC_WARN_UNDECLARED_SELECTOR = YES;
				GCC_WARN_UNINITIALIZED_AUTOS = YES_AGGRESSIVE;
				GCC_WARN_UNUSED_FUNCTION = YES;
				GCC_WARN_UNUSED_VARIABLE = YES;
				IPHONEOS_DEPLOYMENT_TARGET = 11.2;
				MTL_ENABLE_DEBUG_INFO = NO;
				SDKROOT = iphoneos;
				SWIFT_OPTIMIZATION_LEVEL = "-Owholemodule";
				VALIDATE_PRODUCT = YES;
			};
			name = Release;
		};
		D3244D811FEF715100A808EC /* Debug */ = {
			isa = XCBuildConfiguration;
			buildSettings = {
				ASSETCATALOG_COMPILER_APPICON_NAME = AppIcon;
				CODE_SIGN_STYLE = Automatic;
				INFOPLIST_FILE = dice/Info.plist;
				LD_RUNPATH_SEARCH_PATHS = "$(inherited) @executable_path/Frameworks";
				PRODUCT_BUNDLE_IDENTIFIER = com.yashjoshi.dice;
				PRODUCT_NAME = "$(TARGET_NAME)";
				SWIFT_VERSION = 4.0;
				TARGETED_DEVICE_FAMILY = "1,2";
			};
			name = Debug;
		};
		D3244D821FEF715100A808EC /* Release */ = {
			isa = XCBuildConfiguration;
			buildSettings = {
				ASSETCATALOG_COMPILER_APPICON_NAME = AppIcon;
				CODE_SIGN_STYLE = Automatic;
				INFOPLIST_FILE = dice/Info.plist;
				LD_RUNPATH_SEARCH_PATHS = "$(inherited) @executable_path/Frameworks";
				PRODUCT_BUNDLE_IDENTIFIER = com.yashjoshi.dice;
				PRODUCT_NAME = "$(TARGET_NAME)";
				SWIFT_VERSION = 4.0;
				TARGETED_DEVICE_FAMILY = "1,2";
			};
			name = Release;
		};
		D3244D841FEF715100A808EC /* Debug */ = {
			isa = XCBuildConfiguration;
			buildSettings = {
				ALWAYS_EMBED_SWIFT_STANDARD_LIBRARIES = YES;
				BUNDLE_LOADER = "$(TEST_HOST)";
				CODE_SIGN_STYLE = Automatic;
				INFOPLIST_FILE = diceTests/Info.plist;
				LD_RUNPATH_SEARCH_PATHS = "$(inherited) @executable_path/Frameworks @loader_path/Frameworks";
				PRODUCT_BUNDLE_IDENTIFIER = com.yashjoshi.diceTests;
				PRODUCT_NAME = "$(TARGET_NAME)";
				SWIFT_VERSION = 4.0;
				TARGETED_DEVICE_FAMILY = "1,2";
				TEST_HOST = "$(BUILT_PRODUCTS_DIR)/dice.app/dice";
			};
			name = Debug;
		};
		D3244D851FEF715100A808EC /* Release */ = {
			isa = XCBuildConfiguration;
			buildSettings = {
				ALWAYS_EMBED_SWIFT_STANDARD_LIBRARIES = YES;
				BUNDLE_LOADER = "$(TEST_HOST)";
				CODE_SIGN_STYLE = Automatic;
				INFOPLIST_FILE = diceTests/Info.plist;
				LD_RUNPATH_SEARCH_PATHS = "$(inherited) @executable_path/Frameworks @loader_path/Frameworks";
				PRODUCT_BUNDLE_IDENTIFIER = com.yashjoshi.diceTests;
				PRODUCT_NAME = "$(TARGET_NAME)";
				SWIFT_VERSION = 4.0;
				TARGETED_DEVICE_FAMILY = "1,2";
				TEST_HOST = "$(BUILT_PRODUCTS_DIR)/dice.app/dice";
			};
			name = Release;
		};
/* End XCBuildConfiguration section */

/* Begin XCConfigurationList section */
		D3244D5E1FEF715100A808EC /* Build configuration list for PBXProject "dice" */ = {
			isa = XCConfigurationList;
			buildConfigurations = (
				D3244D7E1FEF715100A808EC /* Debug */,
				D3244D7F1FEF715100A808EC /* Release */,
			);
			defaultConfigurationIsVisible = 0;
			defaultConfigurationName = Release;
		};
		D3244D801FEF715100A808EC /* Build configuration list for PBXNativeTarget "dice" */ = {
			isa = XCConfigurationList;
			buildConfigurations = (
				D3244D811FEF715100A808EC /* Debug */,
				D3244D821FEF715100A808EC /* Release */,
			);
			defaultConfigurationIsVisible = 0;
			defaultConfigurationName = Release;
		};
		D3244D831FEF715100A808EC /* Build configuration list for PBXNativeTarget "diceTests" */ = {
			isa = XCConfigurationList;
			buildConfigurations = (
				D3244D841FEF715100A808EC /* Debug */,
				D3244D851FEF715100A808EC /* Release */,
			);
			defaultConfigurationIsVisible = 0;
			defaultConfigurationName = Release;
		};
/* End XCConfigurationList section */
	};
	rootObject = D3244D5B1FEF715100A808EC /* Project object */;
}
